
Microsoft Visual Studio Solution File, Format Version 12.00
# Visual Studio 14
VisualStudioVersion = 14.0.23107.0
MinimumVisualStudioVersion = 10.0.40219.1
Project("{FAE04EC0-301F-11D3-BF4B-00C04F79EFBC}") = "madeline_schimenti_A4_win_forms", "madeline_schimenti_A3_win_forms\madeline_schimenti_A4_win_forms.csproj", "{97E2F309-9F40-447A-A00F-32143A2840DA}"
EndProject
Global
	GlobalSection(SolutionConfigurationPlatforms) = preSolution
		Debug|Any CPU = Debug|Any CPU
		Release|Any CPU = Release|Any CPU
	EndGlobalSection
	GlobalSection(ProjectConfigurationPlatforms) = postSolution
		{97E2F309-9F40-447A-A00F-32143A2840DA}.Debug|Any CPU.ActiveCfg = Debug|Any CPU
		{97E2F309-9F40-447A-A00F-32143A2840DA}.Debug|Any CPU.Build.0 = Debug|Any CPU
		{97E2F309-9F40-447A-A00F-32143A2840DA}.Release|Any CPU.ActiveCfg = Release|Any CPU
		{97E2F309-9F40-447A-A00F-32143A2840DA}.Release|Any CPU.Build.0 = Release|Any CPU
	EndGlobalSection
	GlobalSection(SolutionProperties) = preSolution
		HideSolutionNode = FALSE
	EndGlobalSection
EndGlobal
